// !$*UTF8*$!
{
	archiveVersion = 1;
	classes = {
	};
	objectVersion = 56;
	objects = {

/* Begin PBXBuildFile section */
		96D694552D226BE30048B059 /* PingToolApp.swift in Sources */ = {isa = PBXBuildFile; fileRef = 96D694542D226BE30048B059 /* PingToolApp.swift */; };
		96D694572D226BE30048B059 /* MainAppIndexView.swift in Sources */ = {isa = PBXBuildFile; fileRef = 96D694562D226BE30048B059 /* MainAppIndexView.swift */; };
		96D694592D226BE50048B059 /* Assets.xcassets in Resources */ = {isa = PBXBuildFile; fileRef = 96D694582D226BE50048B059 /* Assets.xcassets */; };
		96D6945D2D226BE50048B059 /* Preview Assets.xcassets in Resources */ = {isa = PBXBuildFile; fileRef = 96D6945C2D226BE50048B059 /* Preview Assets.xcassets */; };
		96D694672D226BE50048B059 /* PingToolTests.swift in Sources */ = {isa = PBXBuildFile; fileRef = 96D694662D226BE50048B059 /* PingToolTests.swift */; };
		96D694712D226BE50048B059 /* PingToolUITests.swift in Sources */ = {isa = PBXBuildFile; fileRef = 96D694702D226BE50048B059 /* PingToolUITests.swift */; };
		96D694732D226BE50048B059 /* PingToolUITestsLaunchTests.swift in Sources */ = {isa = PBXBuildFile; fileRef = 96D694722D226BE50048B059 /* PingToolUITestsLaunchTests.swift */; };
		96D694852D226D6C0048B059 /* ItemButtonStylePage.swift in Sources */ = {isa = PBXBuildFile; fileRef = 96D694842D226D6C0048B059 /* ItemButtonStylePage.swift */; };
		96D694872D226D9F0048B059 /* PingPage.swift in Sources */ = {isa = PBXBuildFile; fileRef = 96D694862D226D9F0048B059 /* PingPage.swift */; };
		96D694892D226E240048B059 /* IpPage.swift in Sources */ = {isa = PBXBuildFile; fileRef = 96D694882D226E240048B059 /* IpPage.swift */; };
		96D6948B2D226E3B0048B059 /* DNSPage.swift in Sources */ = {isa = PBXBuildFile; fileRef = 96D6948A2D226E3B0048B059 /* DNSPage.swift */; };
		96D6948D2D226E600048B059 /* TraceRoute.swift in Sources */ = {isa = PBXBuildFile; fileRef = 96D6948C2D226E600048B059 /* TraceRoute.swift */; };
		96D6948F2D226E7F0048B059 /* SpeedTestPage.swift in Sources */ = {isa = PBXBuildFile; fileRef = 96D6948E2D226E7F0048B059 /* SpeedTestPage.swift */; };
		96D694912D226EB90048B059 /* WhoIPPage.swift in Sources */ = {isa = PBXBuildFile; fileRef = 96D694902D226EB90048B059 /* WhoIPPage.swift */; };
		96D694932D226EF60048B059 /* TrafficStatisticsPage.swift in Sources */ = {isa = PBXBuildFile; fileRef = 96D694922D226EF60048B059 /* TrafficStatisticsPage.swift */; };
		96DEB27E2D23F72E008A9FAF /* WebTestPingPage.swift in Sources */ = {isa = PBXBuildFile; fileRef = 96DEB27D2D23F72E008A9FAF /* WebTestPingPage.swift */; };
		96DEB2802D261EB5008A9FAF /* STDPingItem.swift in Sources */ = {isa = PBXBuildFile; fileRef = 96DEB27F2D261EB5008A9FAF /* STDPingItem.swift */; };
		96DEB2842D262C55008A9FAF /* CFNetwork.framework in Frameworks */ = {isa = PBXBuildFile; fileRef = 96DEB2832D262C55008A9FAF /* CFNetwork.framework */; };
		96DEB2862D278CB2008A9FAF /* PINGManagerTool.swift in Sources */ = {isa = PBXBuildFile; fileRef = 96DEB2852D278CB2008A9FAF /* PINGManagerTool.swift */; };
		96DEB2882D2794D6008A9FAF /* Logger.swift in Sources */ = {isa = PBXBuildFile; fileRef = 96DEB2872D2794D6008A9FAF /* Logger.swift */; };
		96DEB2922D27953A008A9FAF /* Toast.swift in Sources */ = {isa = PBXBuildFile; fileRef = 96DEB28F2D27953A008A9FAF /* Toast.swift */; };
		96DEB2932D27953A008A9FAF /* LoadingManager.swift in Sources */ = {isa = PBXBuildFile; fileRef = 96DEB2902D27953A008A9FAF /* LoadingManager.swift */; };
		96DEB2942D27953A008A9FAF /* LoadingView.swift in Sources */ = {isa = PBXBuildFile; fileRef = 96DEB2912D27953A008A9FAF /* LoadingView.swift */; };
		96DEB2962D27B1D4008A9FAF /* ItemTextField.swift in Sources */ = {isa = PBXBuildFile; fileRef = 96DEB2952D27B1D4008A9FAF /* ItemTextField.swift */; };
		96DEB2982D27B813008A9FAF /* ItemCardContainer.swift in Sources */ = {isa = PBXBuildFile; fileRef = 96DEB2972D27B813008A9FAF /* ItemCardContainer.swift */; };
		96DEB29A2D2BAEFD008A9FAF /* ItemText.swift in Sources */ = {isa = PBXBuildFile; fileRef = 96DEB2992D2BAEFD008A9FAF /* ItemText.swift */; };
		96DEB29C2D2CAED1008A9FAF /* AnimatedGaugeView.swift in Sources */ = {isa = PBXBuildFile; fileRef = 96DEB29B2D2CAED1008A9FAF /* AnimatedGaugeView.swift */; };
		96DEB29E2D2D26CF008A9FAF /* Page+Nav.swift in Sources */ = {isa = PBXBuildFile; fileRef = 96DEB29D2D2D26CF008A9FAF /* Page+Nav.swift */; };
		96DEB2A02D5338C8008A9FAF /* String+Ex.swift in Sources */ = {isa = PBXBuildFile; fileRef = 96DEB29F2D5338C8008A9FAF /* String+Ex.swift */; };
		96E69FF62D228FF20065AF83 /* STSimplePingAddressTool.swift in Sources */ = {isa = PBXBuildFile; fileRef = 96E69FF52D228FF20065AF83 /* STSimplePingAddressTool.swift */; };
/* End PBXBuildFile section */

/* Begin PBXContainerItemProxy section */
		96D694632D226BE50048B059 /* PBXContainerItemProxy */ = {
			isa = PBXContainerItemProxy;
			containerPortal = 96D694492D226BE30048B059 /* Project object */;
			proxyType = 1;
			remoteGlobalIDString = 96D694502D226BE30048B059;
			remoteInfo = PingTool;
		};
		96D6946D2D226BE50048B059 /* PBXContainerItemProxy */ = {
			isa = PBXContainerItemProxy;
			containerPortal = 96D694492D226BE30048B059 /* Project object */;
			proxyType = 1;
			remoteGlobalIDString = 96D694502D226BE30048B059;
			remoteInfo = PingTool;
		};
/* End PBXContainerItemProxy section */

/* Begin PBXFileReference section */
		96D694512D226BE30048B059 /* PingTool.app */ = {isa = PBXFileReference; explicitFileType = wrapper.application; includeInIndex = 0; path = PingTool.app; sourceTree = BUILT_PRODUCTS_DIR; };
		96D694542D226BE30048B059 /* PingToolApp.swift */ = {isa = PBXFileReference; lastKnownFileType = sourcecode.swift; path = PingToolApp.swift; sourceTree = "<group>"; };
		96D694562D226BE30048B059 /* MainAppIndexView.swift */ = {isa = PBXFileReference; lastKnownFileType = sourcecode.swift; path = MainAppIndexView.swift; sourceTree = "<group>"; };
		96D694582D226BE50048B059 /* Assets.xcassets */ = {isa = PBXFileReference; lastKnownFileType = folder.assetcatalog; path = Assets.xcassets; sourceTree = "<group>"; };
		96D6945A2D226BE50048B059 /* PingTool.entitlements */ = {isa = PBXFileReference; lastKnownFileType = text.plist.entitlements; path = PingTool.entitlements; sourceTree = "<group>"; };
		96D6945C2D226BE50048B059 /* Preview Assets.xcassets */ = {isa = PBXFileReference; lastKnownFileType = folder.assetcatalog; path = "Preview Assets.xcassets"; sourceTree = "<group>"; };
		96D694622D226BE50048B059 /* PingToolTests.xctest */ = {isa = PBXFileReference; explicitFileType = wrapper.cfbundle; includeInIndex = 0; path = PingToolTests.xctest; sourceTree = BUILT_PRODUCTS_DIR; };
		96D694662D226BE50048B059 /* PingToolTests.swift */ = {isa = PBXFileReference; lastKnownFileType = sourcecode.swift; path = PingToolTests.swift; sourceTree = "<group>"; };
		96D6946C2D226BE50048B059 /* PingToolUITests.xctest */ = {isa = PBXFileReference; explicitFileType = wrapper.cfbundle; includeInIndex = 0; path = PingToolUITests.xctest; sourceTree = BUILT_PRODUCTS_DIR; };
		96D694702D226BE50048B059 /* PingToolUITests.swift */ = {isa = PBXFileReference; lastKnownFileType = sourcecode.swift; path = PingToolUITests.swift; sourceTree = "<group>"; };
		96D694722D226BE50048B059 /* PingToolUITestsLaunchTests.swift */ = {isa = PBXFileReference; lastKnownFileType = sourcecode.swift; path = PingToolUITestsLaunchTests.swift; sourceTree = "<group>"; };
		96D694842D226D6C0048B059 /* ItemButtonStylePage.swift */ = {isa = PBXFileReference; lastKnownFileType = sourcecode.swift; path = ItemButtonStylePage.swift; sourceTree = "<group>"; };
		96D694862D226D9F0048B059 /* PingPage.swift */ = {isa = PBXFileReference; lastKnownFileType = sourcecode.swift; path = PingPage.swift; sourceTree = "<group>"; };
		96D694882D226E240048B059 /* IpPage.swift */ = {isa = PBXFileReference; lastKnownFileType = sourcecode.swift; path = IpPage.swift; sourceTree = "<group>"; };
		96D6948A2D226E3B0048B059 /* DNSPage.swift */ = {isa = PBXFileReference; lastKnownFileType = sourcecode.swift; path = DNSPage.swift; sourceTree = "<group>"; };
		96D6948C2D226E600048B059 /* TraceRoute.swift */ = {isa = PBXFileReference; lastKnownFileType = sourcecode.swift; path = TraceRoute.swift; sourceTree = "<group>"; };
		96D6948E2D226E7F0048B059 /* SpeedTestPage.swift */ = {isa = PBXFileReference; lastKnownFileType = sourcecode.swift; path = SpeedTestPage.swift; sourceTree = "<group>"; };
		96D694902D226EB90048B059 /* WhoIPPage.swift */ = {isa = PBXFileReference; lastKnownFileType = sourcecode.swift; path = WhoIPPage.swift; sourceTree = "<group>"; };
		96D694922D226EF60048B059 /* TrafficStatisticsPage.swift */ = {isa = PBXFileReference; lastKnownFileType = sourcecode.swift; path = TrafficStatisticsPage.swift; sourceTree = "<group>"; };
		96DEB27D2D23F72E008A9FAF /* WebTestPingPage.swift */ = {isa = PBXFileReference; lastKnownFileType = sourcecode.swift; path = WebTestPingPage.swift; sourceTree = "<group>"; };
		96DEB27F2D261EB5008A9FAF /* STDPingItem.swift */ = {isa = PBXFileReference; lastKnownFileType = sourcecode.swift; path = STDPingItem.swift; sourceTree = "<group>"; };
		96DEB2812D262C4B008A9FAF /* Info.plist */ = {isa = PBXFileReference; lastKnownFileType = text.plist; path = Info.plist; sourceTree = "<group>"; };
		96DEB2832D262C55008A9FAF /* CFNetwork.framework */ = {isa = PBXFileReference; lastKnownFileType = wrapper.framework; name = CFNetwork.framework; path = Platforms/iPhoneOS.platform/Developer/SDKs/iPhoneOS17.2.sdk/System/Library/Frameworks/CFNetwork.framework; sourceTree = DEVELOPER_DIR; };
		96DEB2852D278CB2008A9FAF /* PINGManagerTool.swift */ = {isa = PBXFileReference; lastKnownFileType = sourcecode.swift; path = PINGManagerTool.swift; sourceTree = "<group>"; };
		96DEB2872D2794D6008A9FAF /* Logger.swift */ = {isa = PBXFileReference; lastKnownFileType = sourcecode.swift; path = Logger.swift; sourceTree = "<group>"; };
		96DEB28F2D27953A008A9FAF /* Toast.swift */ = {isa = PBXFileReference; fileEncoding = 4; lastKnownFileType = sourcecode.swift; path = Toast.swift; sourceTree = "<group>"; };
		96DEB2902D27953A008A9FAF /* LoadingManager.swift */ = {isa = PBXFileReference; fileEncoding = 4; lastKnownFileType = sourcecode.swift; path = LoadingManager.swift; sourceTree = "<group>"; };
		96DEB2912D27953A008A9FAF /* LoadingView.swift */ = {isa = PBXFileReference; fileEncoding = 4; lastKnownFileType = sourcecode.swift; path = LoadingView.swift; sourceTree = "<group>"; };
		96DEB2952D27B1D4008A9FAF /* ItemTextField.swift */ = {isa = PBXFileReference; lastKnownFileType = sourcecode.swift; path = ItemTextField.swift; sourceTree = "<group>"; };
		96DEB2972D27B813008A9FAF /* ItemCardContainer.swift */ = {isa = PBXFileReference; lastKnownFileType = sourcecode.swift; path = ItemCardContainer.swift; sourceTree = "<group>"; };
		96DEB2992D2BAEFD008A9FAF /* ItemText.swift */ = {isa = PBXFileReference; lastKnownFileType = sourcecode.swift; path = ItemText.swift; sourceTree = "<group>"; };
		96DEB29B2D2CAED1008A9FAF /* AnimatedGaugeView.swift */ = {isa = PBXFileReference; lastKnownFileType = sourcecode.swift; path = AnimatedGaugeView.swift; sourceTree = "<group>"; };
		96DEB29D2D2D26CF008A9FAF /* Page+Nav.swift */ = {isa = PBXFileReference; lastKnownFileType = sourcecode.swift; path = "Page+Nav.swift"; sourceTree = "<group>"; };
		96DEB29F2D5338C8008A9FAF /* String+Ex.swift */ = {isa = PBXFileReference; lastKnownFileType = sourcecode.swift; path = "String+Ex.swift"; sourceTree = "<group>"; };
		96E69FF52D228FF20065AF83 /* STSimplePingAddressTool.swift */ = {isa = PBXFileReference; lastKnownFileType = sourcecode.swift; path = STSimplePingAddressTool.swift; sourceTree = "<group>"; };
/* End PBXFileReference section */

/* Begin PBXFrameworksBuildPhase section */
		96D6944E2D226BE30048B059 /* Frameworks */ = {
			isa = PBXFrameworksBuildPhase;
			buildActionMask = 2147483647;
			files = (
				96DEB2842D262C55008A9FAF /* CFNetwork.framework in Frameworks */,
			);
			runOnlyForDeploymentPostprocessing = 0;
		};
		96D6945F2D226BE50048B059 /* Frameworks */ = {
			isa = PBXFrameworksBuildPhase;
			buildActionMask = 2147483647;
			files = (
			);
			runOnlyForDeploymentPostprocessing = 0;
		};
		96D694692D226BE50048B059 /* Frameworks */ = {
			isa = PBXFrameworksBuildPhase;
			buildActionMask = 2147483647;
			files = (
			);
			runOnlyForDeploymentPostprocessing = 0;
		};
/* End PBXFrameworksBuildPhase section */

/* Begin PBXGroup section */
		96D694482D226BE30048B059 = {
			isa = PBXGroup;
			children = (
				96D694532D226BE30048B059 /* PingTool */,
				96D694652D226BE50048B059 /* PingToolTests */,
				96D6946F2D226BE50048B059 /* PingToolUITests */,
				96D694522D226BE30048B059 /* Products */,
				96DEB2822D262C55008A9FAF /* Frameworks */,
			);
			sourceTree = "<group>";
		};
		96D694522D226BE30048B059 /* Products */ = {
			isa = PBXGroup;
			children = (
				96D694512D226BE30048B059 /* PingTool.app */,
				96D694622D226BE50048B059 /* PingToolTests.xctest */,
				96D6946C2D226BE50048B059 /* PingToolUITests.xctest */,
			);
			name = Products;
			sourceTree = "<group>";
		};
		96D694532D226BE30048B059 /* PingTool */ = {
			isa = PBXGroup;
			children = (
				96DEB2812D262C4B008A9FAF /* Info.plist */,
				96D694832D226D5F0048B059 /* Components */,
				96D694822D226C9E0048B059 /* Pages */,
				96D694812D226C890048B059 /* Tools */,
				96D694802D226C7F0048B059 /* Model */,
				96D6947F2D226C740048B059 /* NetWorkApi */,
				96D694542D226BE30048B059 /* PingToolApp.swift */,
				96D694562D226BE30048B059 /* MainAppIndexView.swift */,
				96D694582D226BE50048B059 /* Assets.xcassets */,
				96D6945A2D226BE50048B059 /* PingTool.entitlements */,
				96D6945B2D226BE50048B059 /* Preview Content */,
			);
			path = PingTool;
			sourceTree = "<group>";
		};
		96D6945B2D226BE50048B059 /* Preview Content */ = {
			isa = PBXGroup;
			children = (
				96D6945C2D226BE50048B059 /* Preview Assets.xcassets */,
			);
			path = "Preview Content";
			sourceTree = "<group>";
		};
		96D694652D226BE50048B059 /* PingToolTests */ = {
			isa = PBXGroup;
			children = (
				96D694662D226BE50048B059 /* PingToolTests.swift */,
			);
			path = PingToolTests;
			sourceTree = "<group>";
		};
		96D6946F2D226BE50048B059 /* PingToolUITests */ = {
			isa = PBXGroup;
			children = (
				96D694702D226BE50048B059 /* PingToolUITests.swift */,
				96D694722D226BE50048B059 /* PingToolUITestsLaunchTests.swift */,
			);
			path = PingToolUITests;
			sourceTree = "<group>";
		};
		96D6947F2D226C740048B059 /* NetWorkApi */ = {
			isa = PBXGroup;
			children = (
			);
			path = NetWorkApi;
			sourceTree = "<group>";
		};
		96D694802D226C7F0048B059 /* Model */ = {
			isa = PBXGroup;
			children = (
			);
			path = Model;
			sourceTree = "<group>";
		};
		96D694812D226C890048B059 /* Tools */ = {
			isa = PBXGroup;
			children = (
				96DEB29F2D5338C8008A9FAF /* String+Ex.swift */,
				96DEB2902D27953A008A9FAF /* LoadingManager.swift */,
				96DEB2912D27953A008A9FAF /* LoadingView.swift */,
				96DEB28F2D27953A008A9FAF /* Toast.swift */,
				96E69FF52D228FF20065AF83 /* STSimplePingAddressTool.swift */,
				96DEB27F2D261EB5008A9FAF /* STDPingItem.swift */,
				96DEB2852D278CB2008A9FAF /* PINGManagerTool.swift */,
				96DEB2872D2794D6008A9FAF /* Logger.swift */,
			);
			path = Tools;
			sourceTree = "<group>";
		};
		96D694822D226C9E0048B059 /* Pages */ = {
			isa = PBXGroup;
			children = (
				96D694862D226D9F0048B059 /* PingPage.swift */,
				96D694882D226E240048B059 /* IpPage.swift */,
				96D6948A2D226E3B0048B059 /* DNSPage.swift */,
				96D6948C2D226E600048B059 /* TraceRoute.swift */,
				96D6948E2D226E7F0048B059 /* SpeedTestPage.swift */,
				96D694902D226EB90048B059 /* WhoIPPage.swift */,
				96D694922D226EF60048B059 /* TrafficStatisticsPage.swift */,
				96DEB27D2D23F72E008A9FAF /* WebTestPingPage.swift */,
			);
			path = Pages;
			sourceTree = "<group>";
		};
		96D694832D226D5F0048B059 /* Components */ = {
			isa = PBXGroup;
			children = (
				96D694842D226D6C0048B059 /* ItemButtonStylePage.swift */,
				96DEB2952D27B1D4008A9FAF /* ItemTextField.swift */,
				96DEB2972D27B813008A9FAF /* ItemCardContainer.swift */,
				96DEB2992D2BAEFD008A9FAF /* ItemText.swift */,
				96DEB29B2D2CAED1008A9FAF /* AnimatedGaugeView.swift */,
				96DEB29D2D2D26CF008A9FAF /* Page+Nav.swift */,
			);
			path = Components;
			sourceTree = "<group>";
		};
		96DEB2822D262C55008A9FAF /* Frameworks */ = {
			isa = PBXGroup;
			children = (
				96DEB2832D262C55008A9FAF /* CFNetwork.framework */,
			);
			name = Frameworks;
			sourceTree = "<group>";
		};
/* End PBXGroup section */

/* Begin PBXNativeTarget section */
		96D694502D226BE30048B059 /* PingTool */ = {
			isa = PBXNativeTarget;
			buildConfigurationList = 96D694762D226BE50048B059 /* Build configuration list for PBXNativeTarget "PingTool" */;
			buildPhases = (
				96D6944D2D226BE30048B059 /* Sources */,
				96D6944E2D226BE30048B059 /* Frameworks */,
				96D6944F2D226BE30048B059 /* Resources */,
			);
			buildRules = (
			);
			dependencies = (
			);
			name = PingTool;
			productName = PingTool;
			productReference = 96D694512D226BE30048B059 /* PingTool.app */;
			productType = "com.apple.product-type.application";
		};
		96D694612D226BE50048B059 /* PingToolTests */ = {
			isa = PBXNativeTarget;
			buildConfigurationList = 96D694792D226BE50048B059 /* Build configuration list for PBXNativeTarget "PingToolTests" */;
			buildPhases = (
				96D6945E2D226BE50048B059 /* Sources */,
				96D6945F2D226BE50048B059 /* Frameworks */,
				96D694602D226BE50048B059 /* Resources */,
			);
			buildRules = (
			);
			dependencies = (
				96D694642D226BE50048B059 /* PBXTargetDependency */,
			);
			name = PingToolTests;
			productName = PingToolTests;
			productReference = 96D694622D226BE50048B059 /* PingToolTests.xctest */;
			productType = "com.apple.product-type.bundle.unit-test";
		};
		96D6946B2D226BE50048B059 /* PingToolUITests */ = {
			isa = PBXNativeTarget;
			buildConfigurationList = 96D6947C2D226BE50048B059 /* Build configuration list for PBXNativeTarget "PingToolUITests" */;
			buildPhases = (
				96D694682D226BE50048B059 /* Sources */,
				96D694692D226BE50048B059 /* Frameworks */,
				96D6946A2D226BE50048B059 /* Resources */,
			);
			buildRules = (
			);
			dependencies = (
				96D6946E2D226BE50048B059 /* PBXTargetDependency */,
			);
			name = PingToolUITests;
			productName = PingToolUITests;
			productReference = 96D6946C2D226BE50048B059 /* PingToolUITests.xctest */;
			productType = "com.apple.product-type.bundle.ui-testing";
		};
/* End PBXNativeTarget section */

/* Begin PBXProject section */
		96D694492D226BE30048B059 /* Project object */ = {
			isa = PBXProject;
			attributes = {
				BuildIndependentTargetsInParallel = 1;
				LastSwiftUpdateCheck = 1520;
				LastUpgradeCheck = 1520;
				TargetAttributes = {
					96D694502D226BE30048B059 = {
						CreatedOnToolsVersion = 15.2;
					};
					96D694612D226BE50048B059 = {
						CreatedOnToolsVersion = 15.2;
						TestTargetID = 96D694502D226BE30048B059;
					};
					96D6946B2D226BE50048B059 = {
						CreatedOnToolsVersion = 15.2;
						TestTargetID = 96D694502D226BE30048B059;
					};
				};
			};
			buildConfigurationList = 96D6944C2D226BE30048B059 /* Build configuration list for PBXProject "PingTool" */;
			compatibilityVersion = "Xcode 14.0";
			developmentRegion = en;
			hasScannedForEncodings = 0;
			knownRegions = (
				en,
				Base,
			);
			mainGroup = 96D694482D226BE30048B059;
			productRefGroup = 96D694522D226BE30048B059 /* Products */;
			projectDirPath = "";
			projectRoot = "";
			targets = (
				96D694502D226BE30048B059 /* PingTool */,
				96D694612D226BE50048B059 /* PingToolTests */,
				96D6946B2D226BE50048B059 /* PingToolUITests */,
			);
		};
/* End PBXProject section */

/* Begin PBXResourcesBuildPhase section */
		96D6944F2D226BE30048B059 /* Resources */ = {
			isa = PBXResourcesBuildPhase;
			buildActionMask = 2147483647;
			files = (
				96D6945D2D226BE50048B059 /* Preview Assets.xcassets in Resources */,
				96D694592D226BE50048B059 /* Assets.xcassets in Resources */,
			);
			runOnlyForDeploymentPostprocessing = 0;
		};
		96D694602D226BE50048B059 /* Resources */ = {
			isa = PBXResourcesBuildPhase;
			buildActionMask = 2147483647;
			files = (
			);
			runOnlyForDeploymentPostprocessing = 0;
		};
		96D6946A2D226BE50048B059 /* Resources */ = {
			isa = PBXResourcesBuildPhase;
			buildActionMask = 2147483647;
			files = (
			);
			runOnlyForDeploymentPostprocessing = 0;
		};
/* End PBXResourcesBuildPhase section */

/* Begin PBXSourcesBuildPhase section */
		96D6944D2D226BE30048B059 /* Sources */ = {
			isa = PBXSourcesBuildPhase;
			buildActionMask = 2147483647;
			files = (
				96DEB2932D27953A008A9FAF /* LoadingManager.swift in Sources */,
				96DEB2962D27B1D4008A9FAF /* ItemTextField.swift in Sources */,
				96D694872D226D9F0048B059 /* PingPage.swift in Sources */,
				96DEB2922D27953A008A9FAF /* Toast.swift in Sources */,
				96D694572D226BE30048B059 /* MainAppIndexView.swift in Sources */,
				96D6948B2D226E3B0048B059 /* DNSPage.swift in Sources */,
				96DEB2982D27B813008A9FAF /* ItemCardContainer.swift in Sources */,
				96D694852D226D6C0048B059 /* ItemButtonStylePage.swift in Sources */,
				96DEB29A2D2BAEFD008A9FAF /* ItemText.swift in Sources */,
				96DEB2A02D5338C8008A9FAF /* String+Ex.swift in Sources */,
				96DEB29C2D2CAED1008A9FAF /* AnimatedGaugeView.swift in Sources */,
				96D6948F2D226E7F0048B059 /* SpeedTestPage.swift in Sources */,
				96DEB27E2D23F72E008A9FAF /* WebTestPingPage.swift in Sources */,
				96DEB2802D261EB5008A9FAF /* STDPingItem.swift in Sources */,
				96D6948D2D226E600048B059 /* TraceRoute.swift in Sources */,
				96DEB29E2D2D26CF008A9FAF /* Page+Nav.swift in Sources */,
				96D694892D226E240048B059 /* IpPage.swift in Sources */,
				96DEB2862D278CB2008A9FAF /* PINGManagerTool.swift in Sources */,
				96DEB2882D2794D6008A9FAF /* Logger.swift in Sources */,
				96D694912D226EB90048B059 /* WhoIPPage.swift in Sources */,
				96D694552D226BE30048B059 /* PingToolApp.swift in Sources */,
				96E69FF62D228FF20065AF83 /* STSimplePingAddressTool.swift in Sources */,
				96D694932D226EF60048B059 /* TrafficStatisticsPage.swift in Sources */,
				96DEB2942D27953A008A9FAF /* LoadingView.swift in Sources */,
			);
			runOnlyForDeploymentPostprocessing = 0;
		};
		96D6945E2D226BE50048B059 /* Sources */ = {
			isa = PBXSourcesBuildPhase;
			buildActionMask = 2147483647;
			files = (
				96D694672D226BE50048B059 /* PingToolTests.swift in Sources */,
			);
			runOnlyForDeploymentPostprocessing = 0;
		};
		96D694682D226BE50048B059 /* Sources */ = {
			isa = PBXSourcesBuildPhase;
			buildActionMask = 2147483647;
			files = (
				96D694732D226BE50048B059 /* PingToolUITestsLaunchTests.swift in Sources */,
				96D694712D226BE50048B059 /* PingToolUITests.swift in Sources */,
			);
			runOnlyForDeploymentPostprocessing = 0;
		};
/* End PBXSourcesBuildPhase section */

/* Begin PBXTargetDependency section */
		96D694642D226BE50048B059 /* PBXTargetDependency */ = {
			isa = PBXTargetDependency;
			target = 96D694502D226BE30048B059 /* PingTool */;
			targetProxy = 96D694632D226BE50048B059 /* PBXContainerItemProxy */;
		};
		96D6946E2D226BE50048B059 /* PBXTargetDependency */ = {
			isa = PBXTargetDependency;
			target = 96D694502D226BE30048B059 /* PingTool */;
			targetProxy = 96D6946D2D226BE50048B059 /* PBXContainerItemProxy */;
		};
/* End PBXTargetDependency section */

/* Begin XCBuildConfiguration section */
		96D694742D226BE50048B059 /* Debug */ = {
			isa = XCBuildConfiguration;
			buildSettings = {
				ALWAYS_SEARCH_USER_PATHS = NO;
				ASSETCATALOG_COMPILER_GENERATE_SWIFT_ASSET_SYMBOL_EXTENSIONS = YES;
				CLANG_ANALYZER_NONNULL = YES;
				CLANG_ANALYZER_NUMBER_OBJECT_CONVERSION = YES_AGGRESSIVE;
				CLANG_CXX_LANGUAGE_STANDARD = "gnu++20";
				CLANG_ENABLE_MODULES = YES;
				CLANG_ENABLE_OBJC_ARC = YES;
				CLANG_ENABLE_OBJC_WEAK = YES;
				CLANG_WARN_BLOCK_CAPTURE_AUTORELEASING = YES;
				CLANG_WARN_BOOL_CONVERSION = YES;
				CLANG_WARN_COMMA = YES;
				CLANG_WARN_CONSTANT_CONVERSION = YES;
				CLANG_WARN_DEPRECATED_OBJC_IMPLEMENTATIONS = YES;
				CLANG_WARN_DIRECT_OBJC_ISA_USAGE = YES_ERROR;
				CLANG_WARN_DOCUMENTATION_COMMENTS = YES;
				CLANG_WARN_EMPTY_BODY = YES;
				CLANG_WARN_ENUM_CONVERSION = YES;
				CLANG_WARN_INFINITE_RECURSION = YES;
				CLANG_WARN_INT_CONVERSION = YES;
				CLANG_WARN_NON_LITERAL_NULL_CONVERSION = YES;
				CLANG_WARN_OBJC_IMPLICIT_RETAIN_SELF = YES;
				CLANG_WARN_OBJC_LITERAL_CONVERSION = YES;
				CLANG_WARN_OBJC_ROOT_CLASS = YES_ERROR;
				CLANG_WARN_QUOTED_INCLUDE_IN_FRAMEWORK_HEADER = YES;
				CLANG_WARN_RANGE_LOOP_ANALYSIS = YES;
				CLANG_WARN_STRICT_PROTOTYPES = YES;
				CLANG_WARN_SUSPICIOUS_MOVE = YES;
				CLANG_WARN_UNGUARDED_AVAILABILITY = YES_AGGRESSIVE;
				CLANG_WARN_UNREACHABLE_CODE = YES;
				CLANG_WARN__DUPLICATE_METHOD_MATCH = YES;
				COPY_PHASE_STRIP = NO;
				DEBUG_INFORMATION_FORMAT = dwarf;
				ENABLE_STRICT_OBJC_MSGSEND = YES;
				ENABLE_TESTABILITY = YES;
				ENABLE_USER_SCRIPT_SANDBOXING = YES;
				GCC_C_LANGUAGE_STANDARD = gnu17;
				GCC_DYNAMIC_NO_PIC = NO;
				GCC_NO_COMMON_BLOCKS = YES;
				GCC_OPTIMIZATION_LEVEL = 0;
				GCC_PREPROCESSOR_DEFINITIONS = (
					"DEBUG=1",
					"$(inherited)",
				);
				GCC_WARN_64_TO_32_BIT_CONVERSION = YES;
				GCC_WARN_ABOUT_RETURN_TYPE = YES_ERROR;
				GCC_WARN_UNDECLARED_SELECTOR = YES;
				GCC_WARN_UNINITIALIZED_AUTOS = YES_AGGRESSIVE;
				GCC_WARN_UNUSED_FUNCTION = YES;
				GCC_WARN_UNUSED_VARIABLE = YES;
				LOCALIZATION_PREFERS_STRING_CATALOGS = YES;
				MTL_ENABLE_DEBUG_INFO = INCLUDE_SOURCE;
				MTL_FAST_MATH = YES;
				ONLY_ACTIVE_ARCH = YES;
				SWIFT_ACTIVE_COMPILATION_CONDITIONS = "DEBUG $(inherited)";
				SWIFT_OPTIMIZATION_LEVEL = "-Onone";
			};
			name = Debug;
		};
		96D694752D226BE50048B059 /* Release */ = {
			isa = XCBuildConfiguration;
			buildSettings = {
				ALWAYS_SEARCH_USER_PATHS = NO;
				ASSETCATALOG_COMPILER_GENERATE_SWIFT_ASSET_SYMBOL_EXTENSIONS = YES;
				CLANG_ANALYZER_NONNULL = YES;
				CLANG_ANALYZER_NUMBER_OBJECT_CONVERSION = YES_AGGRESSIVE;
				CLANG_CXX_LANGUAGE_STANDARD = "gnu++20";
				CLANG_ENABLE_MODULES = YES;
				CLANG_ENABLE_OBJC_ARC = YES;
				CLANG_ENABLE_OBJC_WEAK = YES;
				CLANG_WARN_BLOCK_CAPTURE_AUTORELEASING = YES;
				CLANG_WARN_BOOL_CONVERSION = YES;
				CLANG_WARN_COMMA = YES;
				CLANG_WARN_CONSTANT_CONVERSION = YES;
				CLANG_WARN_DEPRECATED_OBJC_IMPLEMENTATIONS = YES;
				CLANG_WARN_DIRECT_OBJC_ISA_USAGE = YES_ERROR;
				CLANG_WARN_DOCUMENTATION_COMMENTS = YES;
				CLANG_WARN_EMPTY_BODY = YES;
				CLANG_WARN_ENUM_CONVERSION = YES;
				CLANG_WARN_INFINITE_RECURSION = YES;
				CLANG_WARN_INT_CONVERSION = YES;
				CLANG_WARN_NON_LITERAL_NULL_CONVERSION = YES;
				CLANG_WARN_OBJC_IMPLICIT_RETAIN_SELF = YES;
				CLANG_WARN_OBJC_LITERAL_CONVERSION = YES;
				CLANG_WARN_OBJC_ROOT_CLASS = YES_ERROR;
				CLANG_WARN_QUOTED_INCLUDE_IN_FRAMEWORK_HEADER = YES;
				CLANG_WARN_RANGE_LOOP_ANALYSIS = YES;
				CLANG_WARN_STRICT_PROTOTYPES = YES;
				CLANG_WARN_SUSPICIOUS_MOVE = YES;
				CLANG_WARN_UNGUARDED_AVAILABILITY = YES_AGGRESSIVE;
				CLANG_WARN_UNREACHABLE_CODE = YES;
				CLANG_WARN__DUPLICATE_METHOD_MATCH = YES;
				COPY_PHASE_STRIP = NO;
				DEBUG_INFORMATION_FORMAT = "dwarf-with-dsym";
				ENABLE_NS_ASSERTIONS = NO;
				ENABLE_STRICT_OBJC_MSGSEND = YES;
				ENABLE_USER_SCRIPT_SANDBOXING = YES;
				GCC_C_LANGUAGE_STANDARD = gnu17;
				GCC_NO_COMMON_BLOCKS = YES;
				GCC_WARN_64_TO_32_BIT_CONVERSION = YES;
				GCC_WARN_ABOUT_RETURN_TYPE = YES_ERROR;
				GCC_WARN_UNDECLARED_SELECTOR = YES;
				GCC_WARN_UNINITIALIZED_AUTOS = YES_AGGRESSIVE;
				GCC_WARN_UNUSED_FUNCTION = YES;
				GCC_WARN_UNUSED_VARIABLE = YES;
				LOCALIZATION_PREFERS_STRING_CATALOGS = YES;
				MTL_ENABLE_DEBUG_INFO = NO;
				MTL_FAST_MATH = YES;
				SWIFT_COMPILATION_MODE = wholemodule;
			};
			name = Release;
		};
		96D694772D226BE50048B059 /* Debug */ = {
			isa = XCBuildConfiguration;
			buildSettings = {
				ASSETCATALOG_COMPILER_APPICON_NAME = AppIcon;
				ASSETCATALOG_COMPILER_GLOBAL_ACCENT_COLOR_NAME = AccentColor;
				CODE_SIGN_ENTITLEMENTS = PingTool/PingTool.entitlements;
				CODE_SIGN_STYLE = Automatic;
				CURRENT_PROJECT_VERSION = 1;
				DEVELOPMENT_ASSET_PATHS = "\"PingTool/Preview Content\"";
				ENABLE_PREVIEWS = YES;
				GENERATE_INFOPLIST_FILE = YES;
				INFOPLIST_FILE = PingTool/Info.plist;
				"INFOPLIST_KEY_UIApplicationSceneManifest_Generation[sdk=iphoneos*]" = YES;
				"INFOPLIST_KEY_UIApplicationSceneManifest_Generation[sdk=iphonesimulator*]" = YES;
				"INFOPLIST_KEY_UIApplicationSupportsIndirectInputEvents[sdk=iphoneos*]" = YES;
				"INFOPLIST_KEY_UIApplicationSupportsIndirectInputEvents[sdk=iphonesimulator*]" = YES;
				"INFOPLIST_KEY_UILaunchScreen_Generation[sdk=iphoneos*]" = YES;
				"INFOPLIST_KEY_UILaunchScreen_Generation[sdk=iphonesimulator*]" = YES;
				"INFOPLIST_KEY_UIStatusBarStyle[sdk=iphoneos*]" = UIStatusBarStyleDefault;
				"INFOPLIST_KEY_UIStatusBarStyle[sdk=iphonesimulator*]" = UIStatusBarStyleDefault;
				INFOPLIST_KEY_UISupportedInterfaceOrientations_iPad = "UIInterfaceOrientationPortrait UIInterfaceOrientationPortraitUpsideDown UIInterfaceOrientationLandscapeLeft UIInterfaceOrientationLandscapeRight";
				INFOPLIST_KEY_UISupportedInterfaceOrientations_iPhone = "UIInterfaceOrientationPortrait UIInterfaceOrientationLandscapeLeft UIInterfaceOrientationLandscapeRight";
				IPHONEOS_DEPLOYMENT_TARGET = 15;
				LD_RUNPATH_SEARCH_PATHS = "@executable_path/Frameworks";
				"LD_RUNPATH_SEARCH_PATHS[sdk=macosx*]" = "@executable_path/../Frameworks";
				MACOSX_DEPLOYMENT_TARGET = 14;
				MARKETING_VERSION = 1.0;
				PRODUCT_BUNDLE_IDENTIFIER = com.lotawei.powerni.PingTool;
				PRODUCT_NAME = "$(TARGET_NAME)";
				SDKROOT = auto;
				SUPPORTED_PLATFORMS = "iphoneos iphonesimulator macosx";
				SWIFT_EMIT_LOC_STRINGS = YES;
				SWIFT_VERSION = 5.0;
				TARGETED_DEVICE_FAMILY = "1,2";
			};
			name = Debug;
		};
		96D694782D226BE50048B059 /* Release */ = {
			isa = XCBuildConfiguration;
			buildSettings = {
				ASSETCATALOG_COMPILER_APPICON_NAME = AppIcon;
				ASSETCATALOG_COMPILER_GLOBAL_ACCENT_COLOR_NAME = AccentColor;
				CODE_SIGN_ENTITLEMENTS = PingTool/PingTool.entitlements;
				CODE_SIGN_STYLE = Automatic;
				CURRENT_PROJECT_VERSION = 1;
				DEVELOPMENT_ASSET_PATHS = "\"PingTool/Preview Content\"";
				ENABLE_PREVIEWS = YES;
				GENERATE_INFOPLIST_FILE = YES;
				INFOPLIST_FILE = PingTool/Info.plist;
				"INFOPLIST_KEY_UIApplicationSceneManifest_Generation[sdk=iphoneos*]" = YES;
				"INFOPLIST_KEY_UIApplicationSceneManifest_Generation[sdk=iphonesimulator*]" = YES;
				"INFOPLIST_KEY_UIApplicationSupportsIndirectInputEvents[sdk=iphoneos*]" = YES;
				"INFOPLIST_KEY_UIApplicationSupportsIndirectInputEvents[sdk=iphonesimulator*]" = YES;
				"INFOPLIST_KEY_UILaunchScreen_Generation[sdk=iphoneos*]" = YES;
				"INFOPLIST_KEY_UILaunchScreen_Generation[sdk=iphonesimulator*]" = YES;
				"INFOPLIST_KEY_UIStatusBarStyle[sdk=iphoneos*]" = UIStatusBarStyleDefault;
				"INFOPLIST_KEY_UIStatusBarStyle[sdk=iphonesimulator*]" = UIStatusBarStyleDefault;
				INFOPLIST_KEY_UISupportedInterfaceOrientations_iPad = "UIInterfaceOrientationPortrait UIInterfaceOrientationPortraitUpsideDown UIInterfaceOrientationLandscapeLeft UIInterfaceOrientationLandscapeRight";
				INFOPLIST_KEY_UISupportedInterfaceOrientations_iPhone = "UIInterfaceOrientationPortrait UIInterfaceOrientationLandscapeLeft UIInterfaceOrientationLandscapeRight";
				IPHONEOS_DEPLOYMENT_TARGET = 15;
				LD_RUNPATH_SEARCH_PATHS = "@executable_path/Frameworks";
				"LD_RUNPATH_SEARCH_PATHS[sdk=macosx*]" = "@executable_path/../Frameworks";
				MACOSX_DEPLOYMENT_TARGET = 14;
				MARKETING_VERSION = 1.0;
				PRODUCT_BUNDLE_IDENTIFIER = com.lotawei.powerni.PingTool;
				PRODUCT_NAME = "$(TARGET_NAME)";
				SDKROOT = auto;
				SUPPORTED_PLATFORMS = "iphoneos iphonesimulator macosx";
				SWIFT_EMIT_LOC_STRINGS = YES;
				SWIFT_VERSION = 5.0;
				TARGETED_DEVICE_FAMILY = "1,2";
			};
			name = Release;
		};
		96D6947A2D226BE50048B059 /* Debug */ = {
			isa = XCBuildConfiguration;
			buildSettings = {
				ALWAYS_EMBED_SWIFT_STANDARD_LIBRARIES = YES;
				BUNDLE_LOADER = "$(TEST_HOST)";
				CODE_SIGN_STYLE = Automatic;
				CURRENT_PROJECT_VERSION = 1;
				GENERATE_INFOPLIST_FILE = YES;
				IPHONEOS_DEPLOYMENT_TARGET = 17.2;
				MACOSX_DEPLOYMENT_TARGET = 14.2;
				MARKETING_VERSION = 1.0;
				PRODUCT_BUNDLE_IDENTIFIER = com.lotawei.powerni.PingToolTests;
				PRODUCT_NAME = "$(TARGET_NAME)";
				SDKROOT = auto;
				SUPPORTED_PLATFORMS = "iphoneos iphonesimulator macosx";
				SWIFT_EMIT_LOC_STRINGS = NO;
				SWIFT_VERSION = 5.0;
				TARGETED_DEVICE_FAMILY = "1,2";
				TEST_HOST = "$(BUILT_PRODUCTS_DIR)/PingTool.app/$(BUNDLE_EXECUTABLE_FOLDER_PATH)/PingTool";
			};
			name = Debug;
		};
		96D6947B2D226BE50048B059 /* Release */ = {
			isa = XCBuildConfiguration;
			buildSettings = {
				ALWAYS_EMBED_SWIFT_STANDARD_LIBRARIES = YES;
				BUNDLE_LOADER = "$(TEST_HOST)";
				CODE_SIGN_STYLE = Automatic;
				CURRENT_PROJECT_VERSION = 1;
				GENERATE_INFOPLIST_FILE = YES;
				IPHONEOS_DEPLOYMENT_TARGET = 17.2;
				MACOSX_DEPLOYMENT_TARGET = 14.2;
				MARKETING_VERSION = 1.0;
				PRODUCT_BUNDLE_IDENTIFIER = com.lotawei.powerni.PingToolTests;
				PRODUCT_NAME = "$(TARGET_NAME)";
				SDKROOT = auto;
				SUPPORTED_PLATFORMS = "iphoneos iphonesimulator macosx";
				SWIFT_EMIT_LOC_STRINGS = NO;
				SWIFT_VERSION = 5.0;
				TARGETED_DEVICE_FAMILY = "1,2";
				TEST_HOST = "$(BUILT_PRODUCTS_DIR)/PingTool.app/$(BUNDLE_EXECUTABLE_FOLDER_PATH)/PingTool";
			};
			name = Release;
		};
		96D6947D2D226BE50048B059 /* Debug */ = {
			isa = XCBuildConfiguration;
			buildSettings = {
				ALWAYS_EMBED_SWIFT_STANDARD_LIBRARIES = YES;
				CODE_SIGN_STYLE = Automatic;
				CURRENT_PROJECT_VERSION = 1;
				GENERATE_INFOPLIST_FILE = YES;
				IPHONEOS_DEPLOYMENT_TARGET = 17.2;
				MACOSX_DEPLOYMENT_TARGET = 14.2;
				MARKETING_VERSION = 1.0;
				PRODUCT_BUNDLE_IDENTIFIER = com.lotawei.powerni.PingToolUITests;
				PRODUCT_NAME = "$(TARGET_NAME)";
				SDKROOT = auto;
				SUPPORTED_PLATFORMS = "iphoneos iphonesimulator macosx";
				SWIFT_EMIT_LOC_STRINGS = NO;
				SWIFT_VERSION = 5.0;
				TARGETED_DEVICE_FAMILY = "1,2";
				TEST_TARGET_NAME = PingTool;
			};
			name = Debug;
		};
		96D6947E2D226BE50048B059 /* Release */ = {
			isa = XCBuildConfiguration;
			buildSettings = {
				ALWAYS_EMBED_SWIFT_STANDARD_LIBRARIES = YES;
				CODE_SIGN_STYLE = Automatic;
				CURRENT_PROJECT_VERSION = 1;
				GENERATE_INFOPLIST_FILE = YES;
				IPHONEOS_DEPLOYMENT_TARGET = 17.2;
				MACOSX_DEPLOYMENT_TARGET = 14.2;
				MARKETING_VERSION = 1.0;
				PRODUCT_BUNDLE_IDENTIFIER = com.lotawei.powerni.PingToolUITests;
				PRODUCT_NAME = "$(TARGET_NAME)";
				SDKROOT = auto;
				SUPPORTED_PLATFORMS = "iphoneos iphonesimulator macosx";
				SWIFT_EMIT_LOC_STRINGS = NO;
				SWIFT_VERSION = 5.0;
				TARGETED_DEVICE_FAMILY = "1,2";
				TEST_TARGET_NAME = PingTool;
			};
			name = Release;
		};
/* End XCBuildConfiguration section */

/* Begin XCConfigurationList section */
		96D6944C2D226BE30048B059 /* Build configuration list for PBXProject "PingTool" */ = {
			isa = XCConfigurationList;
			buildConfigurations = (
				96D694742D226BE50048B059 /* Debug */,
				96D694752D226BE50048B059 /* Release */,
			);
			defaultConfigurationIsVisible = 0;
			defaultConfigurationName = Release;
		};
		96D694762D226BE50048B059 /* Build configuration list for PBXNativeTarget "PingTool" */ = {
			isa = XCConfigurationList;
			buildConfigurations = (
				96D694772D226BE50048B059 /* Debug */,
				96D694782D226BE50048B059 /* Release */,
			);
			defaultConfigurationIsVisible = 0;
			defaultConfigurationName = Release;
		};
		96D694792D226BE50048B059 /* Build configuration list for PBXNativeTarget "PingToolTests" */ = {
			isa = XCConfigurationList;
			buildConfigurations = (
				96D6947A2D226BE50048B059 /* Debug */,
				96D6947B2D226BE50048B059 /* Release */,
			);
			defaultConfigurationIsVisible = 0;
			defaultConfigurationName = Release;
		};
		96D6947C2D226BE50048B059 /* Build configuration list for PBXNativeTarget "PingToolUITests" */ = {
			isa = XCConfigurationList;
			buildConfigurations = (
				96D6947D2D226BE50048B059 /* Debug */,
				96D6947E2D226BE50048B059 /* Release */,
			);
			defaultConfigurationIsVisible = 0;
			defaultConfigurationName = Release;
		};
/* End XCConfigurationList section */
	};
	rootObject = 96D694492D226BE30048B059 /* Project object */;
}
